
Microsoft Visual Studio Solution File, Format Version 12.00
# Visual Studio 2013
VisualStudioVersion = 12.0.30723.0
MinimumVisualStudioVersion = 10.0.40219.1
Project("{FAE04EC0-301F-11D3-BF4B-00C04F79EFBC}") = "PettoStudio.AppServices", "PettoStudio.AppServices\PettoStudio.AppServices.csproj", "{F53203EF-790C-4552-81B6-DD1605440EB6}"
EndProject
Project("{FAE04EC0-301F-11D3-BF4B-00C04F79EFBC}") = "DataBaseLib", "DataBaseLib\DataBaseLib.csproj", "{BE24CB39-F373-4AC1-8B40-FA8BC139EB73}"
EndProject
Project("{FAE04EC0-301F-11D3-BF4B-00C04F79EFBC}") = "Utility", "Utility\Utility.csproj", "{B4B400EB-3D37-473A-9629-06CFB2AC5AE6}"
EndProject
Project("{FAE04EC0-301F-11D3-BF4B-00C04F79EFBC}") = "Models", "Models\Models.csproj", "{17B9A3BB-DA51-48EE-BDFA-D2EF495552FA}"
EndProject
Project("{FAE04EC0-301F-11D3-BF4B-00C04F79EFBC}") = "Controller", "Controller\Controller.csproj", "{E097F8E6-54DD-4AFD-B455-637EA2FC8585}"
EndProject
Project("{FAE04EC0-301F-11D3-BF4B-00C04F79EFBC}") = "TestControl", "TestControl\TestControl.csproj", "{0ECE7C9E-BD4C-4C9E-B588-F49202E840EA}"
EndProject
Project("{FAE04EC0-301F-11D3-BF4B-00C04F79EFBC}") = "PAdControl", "AdControl\PAdControl.csproj", "{B736405E-FA0B-4E2A-9D57-A51AE609E757}"
EndProject
Project("{FAE04EC0-301F-11D3-BF4B-00C04F79EFBC}") = "PhoneTest", "PhoneTest\PhoneTest.csproj", "{2753D22C-C478-40F5-87F4-F4D3AC1B1A8F}"
EndProject
Project("{FAE04EC0-301F-11D3-BF4B-00C04F79EFBC}") = "SystemTimePlayer", "SystemTimePlayer\SystemTimePlayer.csproj", "{261CE311-79CF-4CEA-B0A4-D42F6CFBD884}"
EndProject
Project("{FAE04EC0-301F-11D3-BF4B-00C04F79EFBC}") = "AccountServices", "AccountServices\AccountServices.csproj", "{23ACE358-2918-4EEB-80D3-FDB2ADB6A6CD}"
EndProject
Project("{FAE04EC0-301F-11D3-BF4B-00C04F79EFBC}") = "AccountsGroupperConsole", "AccountsGroupperConsole\AccountsGroupperConsole.csproj", "{1CE95133-C252-4A2E-8F2B-ADD31F96B1AA}"
EndProject
Project("{FAE04EC0-301F-11D3-BF4B-00C04F79EFBC}") = "GamesManager", "GamesManager\GamesManager.csproj", "{FA3DC43F-4DBD-4400-9036-4343DB40B536}"
EndProject
Project("{FAE04EC0-301F-11D3-BF4B-00C04F79EFBC}") = "DevAccountsManager", "DevAccountsManager\DevAccountsManager.csproj", "{F4BD1C30-7A12-4CEC-BD2C-D5A99C9AA875}"
EndProject
Project("{FAE04EC0-301F-11D3-BF4B-00C04F79EFBC}") = "AndroidGameInfoMigrater", "AndroidGameInfoMigrater\AndroidGameInfoMigrater.csproj", "{737586D6-9218-4938-A568-E9A4F218BDA6}"
EndProject
Project("{FAE04EC0-301F-11D3-BF4B-00C04F79EFBC}") = "RecommendGamesServices", "RecommendGamesServices\RecommendGamesServices.csproj", "{C993B19D-1FA6-4F18-82FA-3E8873C62513}"
EndProject
Project("{FAE04EC0-301F-11D3-BF4B-00C04F79EFBC}") = "AmazonFullInfoServices", "WebApplication1\AmazonFullInfoServices.csproj", "{22DF9D4D-8490-41A6-B509-D9CE00EB06BD}"
EndProject
Project("{FAE04EC0-301F-11D3-BF4B-00C04F79EFBC}") = "TestServices", "TestServices\TestServices.csproj", "{5FD53734-B5A8-415C-97F7-09B49D6BA3CE}"
EndProject
Project("{FAE04EC0-301F-11D3-BF4B-00C04F79EFBC}") = "VerifyEmailServices", "VerifyEmailServices\VerifyEmailServices.csproj", "{C7C74299-8C53-4ACB-BFE7-3A613CEF4060}"
EndProject
Project("{FAE04EC0-301F-11D3-BF4B-00C04F79EFBC}") = "IOSFullInfoServices", "IOSFullInfoServices\IOSFullInfoServices.csproj", "{025BBA7D-0353-47B5-BB4A-5E55A6DC6112}"
EndProject
Project("{FAE04EC0-301F-11D3-BF4B-00C04F79EFBC}") = "AndroidFullInfoServices", "AndroidFullInfoServices\AndroidFullInfoServices.csproj", "{600A03DC-7042-40C3-83B0-FB7DA21B0610}"
EndProject
Global
	GlobalSection(SolutionConfigurationPlatforms) = preSolution
		Debug|Any CPU = Debug|Any CPU
		Debug|ARM = Debug|ARM
		Debug|x86 = Debug|x86
		Release|Any CPU = Release|Any CPU
		Release|ARM = Release|ARM
		Release|x86 = Release|x86
	EndGlobalSection
	GlobalSection(ProjectConfigurationPlatforms) = postSolution
		{F53203EF-790C-4552-81B6-DD1605440EB6}.Debug|Any CPU.ActiveCfg = Debug|Any CPU
		{F53203EF-790C-4552-81B6-DD1605440EB6}.Debug|Any CPU.Build.0 = Debug|Any CPU
		{F53203EF-790C-4552-81B6-DD1605440EB6}.Debug|ARM.ActiveCfg = Debug|Any CPU
		{F53203EF-790C-4552-81B6-DD1605440EB6}.Debug|x86.ActiveCfg = Debug|Any CPU
		{F53203EF-790C-4552-81B6-DD1605440EB6}.Release|Any CPU.ActiveCfg = Release|Any CPU
		{F53203EF-790C-4552-81B6-DD1605440EB6}.Release|Any CPU.Build.0 = Release|Any CPU
		{F53203EF-790C-4552-81B6-DD1605440EB6}.Release|ARM.ActiveCfg = Release|Any CPU
		{F53203EF-790C-4552-81B6-DD1605440EB6}.Release|x86.ActiveCfg = Release|Any CPU
		{BE24CB39-F373-4AC1-8B40-FA8BC139EB73}.Debug|Any CPU.ActiveCfg = Debug|Any CPU
		{BE24CB39-F373-4AC1-8B40-FA8BC139EB73}.Debug|Any CPU.Build.0 = Debug|Any CPU
		{BE24CB39-F373-4AC1-8B40-FA8BC139EB73}.Debug|ARM.ActiveCfg = Debug|Any CPU
		{BE24CB39-F373-4AC1-8B40-FA8BC139EB73}.Debug|x86.ActiveCfg = Debug|Any CPU
		{BE24CB39-F373-4AC1-8B40-FA8BC139EB73}.Release|Any CPU.ActiveCfg = Release|Any CPU
		{BE24CB39-F373-4AC1-8B40-FA8BC139EB73}.Release|Any CPU.Build.0 = Release|Any CPU
		{BE24CB39-F373-4AC1-8B40-FA8BC139EB73}.Release|ARM.ActiveCfg = Release|Any CPU
		{BE24CB39-F373-4AC1-8B40-FA8BC139EB73}.Release|x86.ActiveCfg = Release|Any CPU
		{B4B400EB-3D37-473A-9629-06CFB2AC5AE6}.Debug|Any CPU.ActiveCfg = Debug|Any CPU
		{B4B400EB-3D37-473A-9629-06CFB2AC5AE6}.Debug|Any CPU.Build.0 = Debug|Any CPU
		{B4B400EB-3D37-473A-9629-06CFB2AC5AE6}.Debug|ARM.ActiveCfg = Debug|Any CPU
		{B4B400EB-3D37-473A-9629-06CFB2AC5AE6}.Debug|x86.ActiveCfg = Debug|Any CPU
		{B4B400EB-3D37-473A-9629-06CFB2AC5AE6}.Release|Any CPU.ActiveCfg = Release|Any CPU
		{B4B400EB-3D37-473A-9629-06CFB2AC5AE6}.Release|Any CPU.Build.0 = Release|Any CPU
		{B4B400EB-3D37-473A-9629-06CFB2AC5AE6}.Release|ARM.ActiveCfg = Release|Any CPU
		{B4B400EB-3D37-473A-9629-06CFB2AC5AE6}.Release|x86.ActiveCfg = Release|Any CPU
		{17B9A3BB-DA51-48EE-BDFA-D2EF495552FA}.Debug|Any CPU.ActiveCfg = Debug|Any CPU
		{17B9A3BB-DA51-48EE-BDFA-D2EF495552FA}.Debug|Any CPU.Build.0 = Debug|Any CPU
		{17B9A3BB-DA51-48EE-BDFA-D2EF495552FA}.Debug|ARM.ActiveCfg = Debug|Any CPU
		{17B9A3BB-DA51-48EE-BDFA-D2EF495552FA}.Debug|x86.ActiveCfg = Debug|Any CPU
		{17B9A3BB-DA51-48EE-BDFA-D2EF495552FA}.Release|Any CPU.ActiveCfg = Release|Any CPU
		{17B9A3BB-DA51-48EE-BDFA-D2EF495552FA}.Release|Any CPU.Build.0 = Release|Any CPU
		{17B9A3BB-DA51-48EE-BDFA-D2EF495552FA}.Release|ARM.ActiveCfg = Release|Any CPU
		{17B9A3BB-DA51-48EE-BDFA-D2EF495552FA}.Release|x86.ActiveCfg = Release|Any CPU
		{E097F8E6-54DD-4AFD-B455-637EA2FC8585}.Debug|Any CPU.ActiveCfg = Debug|Any CPU
		{E097F8E6-54DD-4AFD-B455-637EA2FC8585}.Debug|Any CPU.Build.0 = Debug|Any CPU
		{E097F8E6-54DD-4AFD-B455-637EA2FC8585}.Debug|ARM.ActiveCfg = Debug|Any CPU
		{E097F8E6-54DD-4AFD-B455-637EA2FC8585}.Debug|x86.ActiveCfg = Debug|Any CPU
		{E097F8E6-54DD-4AFD-B455-637EA2FC8585}.Release|Any CPU.ActiveCfg = Release|Any CPU
		{E097F8E6-54DD-4AFD-B455-637EA2FC8585}.Release|Any CPU.Build.0 = Release|Any CPU
		{E097F8E6-54DD-4AFD-B455-637EA2FC8585}.Release|ARM.ActiveCfg = Release|Any CPU
		{E097F8E6-54DD-4AFD-B455-637EA2FC8585}.Release|x86.ActiveCfg = Release|Any CPU
		{0ECE7C9E-BD4C-4C9E-B588-F49202E840EA}.Debug|Any CPU.ActiveCfg = Debug|Any CPU
		{0ECE7C9E-BD4C-4C9E-B588-F49202E840EA}.Debug|Any CPU.Build.0 = Debug|Any CPU
		{0ECE7C9E-BD4C-4C9E-B588-F49202E840EA}.Debug|ARM.ActiveCfg = Debug|Any CPU
		{0ECE7C9E-BD4C-4C9E-B588-F49202E840EA}.Debug|x86.ActiveCfg = Debug|Any CPU
		{0ECE7C9E-BD4C-4C9E-B588-F49202E840EA}.Release|Any CPU.ActiveCfg = Release|Any CPU
		{0ECE7C9E-BD4C-4C9E-B588-F49202E840EA}.Release|Any CPU.Build.0 = Release|Any CPU
		{0ECE7C9E-BD4C-4C9E-B588-F49202E840EA}.Release|ARM.ActiveCfg = Release|Any CPU
		{0ECE7C9E-BD4C-4C9E-B588-F49202E840EA}.Release|x86.ActiveCfg = Release|Any CPU
		{B736405E-FA0B-4E2A-9D57-A51AE609E757}.Debug|Any CPU.ActiveCfg = Debug|Any CPU
		{B736405E-FA0B-4E2A-9D57-A51AE609E757}.Debug|Any CPU.Build.0 = Debug|Any CPU
		{B736405E-FA0B-4E2A-9D57-A51AE609E757}.Debug|ARM.ActiveCfg = Debug|ARM
		{B736405E-FA0B-4E2A-9D57-A51AE609E757}.Debug|ARM.Build.0 = Debug|ARM
		{B736405E-FA0B-4E2A-9D57-A51AE609E757}.Debug|x86.ActiveCfg = Debug|x86
		{B736405E-FA0B-4E2A-9D57-A51AE609E757}.Debug|x86.Build.0 = Debug|x86
		{B736405E-FA0B-4E2A-9D57-A51AE609E757}.Release|Any CPU.ActiveCfg = Release|Any CPU
		{B736405E-FA0B-4E2A-9D57-A51AE609E757}.Release|Any CPU.Build.0 = Release|Any CPU
		{B736405E-FA0B-4E2A-9D57-A51AE609E757}.Release|ARM.ActiveCfg = Release|ARM
		{B736405E-FA0B-4E2A-9D57-A51AE609E757}.Release|ARM.Build.0 = Release|ARM
		{B736405E-FA0B-4E2A-9D57-A51AE609E757}.Release|x86.ActiveCfg = Release|x86
		{B736405E-FA0B-4E2A-9D57-A51AE609E757}.Release|x86.Build.0 = Release|x86
		{2753D22C-C478-40F5-87F4-F4D3AC1B1A8F}.Debug|Any CPU.ActiveCfg = Debug|Any CPU
		{2753D22C-C478-40F5-87F4-F4D3AC1B1A8F}.Debug|Any CPU.Build.0 = Debug|Any CPU
		{2753D22C-C478-40F5-87F4-F4D3AC1B1A8F}.Debug|Any CPU.Deploy.0 = Debug|Any CPU
		{2753D22C-C478-40F5-87F4-F4D3AC1B1A8F}.Debug|ARM.ActiveCfg = Debug|ARM
		{2753D22C-C478-40F5-87F4-F4D3AC1B1A8F}.Debug|ARM.Build.0 = Debug|ARM
		{2753D22C-C478-40F5-87F4-F4D3AC1B1A8F}.Debug|ARM.Deploy.0 = Debug|ARM
		{2753D22C-C478-40F5-87F4-F4D3AC1B1A8F}.Debug|x86.ActiveCfg = Debug|x86
		{2753D22C-C478-40F5-87F4-F4D3AC1B1A8F}.Debug|x86.Build.0 = Debug|x86
		{2753D22C-C478-40F5-87F4-F4D3AC1B1A8F}.Debug|x86.Deploy.0 = Debug|x86
		{2753D22C-C478-40F5-87F4-F4D3AC1B1A8F}.Release|Any CPU.ActiveCfg = Release|Any CPU
		{2753D22C-C478-40F5-87F4-F4D3AC1B1A8F}.Release|Any CPU.Build.0 = Release|Any CPU
		{2753D22C-C478-40F5-87F4-F4D3AC1B1A8F}.Release|Any CPU.Deploy.0 = Release|Any CPU
		{2753D22C-C478-40F5-87F4-F4D3AC1B1A8F}.Release|ARM.ActiveCfg = Release|ARM
		{2753D22C-C478-40F5-87F4-F4D3AC1B1A8F}.Release|ARM.Build.0 = Release|ARM
		{2753D22C-C478-40F5-87F4-F4D3AC1B1A8F}.Release|ARM.Deploy.0 = Release|ARM
		{2753D22C-C478-40F5-87F4-F4D3AC1B1A8F}.Release|x86.ActiveCfg = Release|x86
		{2753D22C-C478-40F5-87F4-F4D3AC1B1A8F}.Release|x86.Build.0 = Release|x86
		{2753D22C-C478-40F5-87F4-F4D3AC1B1A8F}.Release|x86.Deploy.0 = Release|x86
		{261CE311-79CF-4CEA-B0A4-D42F6CFBD884}.Debug|Any CPU.ActiveCfg = Debug|Any CPU
		{261CE311-79CF-4CEA-B0A4-D42F6CFBD884}.Debug|Any CPU.Build.0 = Debug|Any CPU
		{261CE311-79CF-4CEA-B0A4-D42F6CFBD884}.Debug|ARM.ActiveCfg = Debug|Any CPU
		{261CE311-79CF-4CEA-B0A4-D42F6CFBD884}.Debug|x86.ActiveCfg = Debug|Any CPU
		{261CE311-79CF-4CEA-B0A4-D42F6CFBD884}.Release|Any CPU.ActiveCfg = Release|Any CPU
		{261CE311-79CF-4CEA-B0A4-D42F6CFBD884}.Release|Any CPU.Build.0 = Release|Any CPU
		{261CE311-79CF-4CEA-B0A4-D42F6CFBD884}.Release|ARM.ActiveCfg = Release|Any CPU
		{261CE311-79CF-4CEA-B0A4-D42F6CFBD884}.Release|x86.ActiveCfg = Release|Any CPU
		{23ACE358-2918-4EEB-80D3-FDB2ADB6A6CD}.Debug|Any CPU.ActiveCfg = Debug|Any CPU
		{23ACE358-2918-4EEB-80D3-FDB2ADB6A6CD}.Debug|Any CPU.Build.0 = Debug|Any CPU
		{23ACE358-2918-4EEB-80D3-FDB2ADB6A6CD}.Debug|ARM.ActiveCfg = Debug|Any CPU
		{23ACE358-2918-4EEB-80D3-FDB2ADB6A6CD}.Debug|x86.ActiveCfg = Debug|Any CPU
		{23ACE358-2918-4EEB-80D3-FDB2ADB6A6CD}.Release|Any CPU.ActiveCfg = Release|Any CPU
		{23ACE358-2918-4EEB-80D3-FDB2ADB6A6CD}.Release|Any CPU.Build.0 = Release|Any CPU
		{23ACE358-2918-4EEB-80D3-FDB2ADB6A6CD}.Release|ARM.ActiveCfg = Release|Any CPU
		{23ACE358-2918-4EEB-80D3-FDB2ADB6A6CD}.Release|x86.ActiveCfg = Release|Any CPU
		{1CE95133-C252-4A2E-8F2B-ADD31F96B1AA}.Debug|Any CPU.ActiveCfg = Debug|Any CPU
		{1CE95133-C252-4A2E-8F2B-ADD31F96B1AA}.Debug|Any CPU.Build.0 = Debug|Any CPU
		{1CE95133-C252-4A2E-8F2B-ADD31F96B1AA}.Debug|ARM.ActiveCfg = Debug|Any CPU
		{1CE95133-C252-4A2E-8F2B-ADD31F96B1AA}.Debug|x86.ActiveCfg = Debug|Any CPU
		{1CE95133-C252-4A2E-8F2B-ADD31F96B1AA}.Release|Any CPU.ActiveCfg = Release|Any CPU
		{1CE95133-C252-4A2E-8F2B-ADD31F96B1AA}.Release|Any CPU.Build.0 = Release|Any CPU
		{1CE95133-C252-4A2E-8F2B-ADD31F96B1AA}.Release|ARM.ActiveCfg = Release|Any CPU
		{1CE95133-C252-4A2E-8F2B-ADD31F96B1AA}.Release|x86.ActiveCfg = Release|Any CPU
		{FA3DC43F-4DBD-4400-9036-4343DB40B536}.Debug|Any CPU.ActiveCfg = Debug|Any CPU
		{FA3DC43F-4DBD-4400-9036-4343DB40B536}.Debug|Any CPU.Build.0 = Debug|Any CPU
		{FA3DC43F-4DBD-4400-9036-4343DB40B536}.Debug|ARM.ActiveCfg = Debug|Any CPU
		{FA3DC43F-4DBD-4400-9036-4343DB40B536}.Debug|x86.ActiveCfg = Debug|Any CPU
		{FA3DC43F-4DBD-4400-9036-4343DB40B536}.Release|Any CPU.ActiveCfg = Release|Any CPU
		{FA3DC43F-4DBD-4400-9036-4343DB40B536}.Release|Any CPU.Build.0 = Release|Any CPU
		{FA3DC43F-4DBD-4400-9036-4343DB40B536}.Release|ARM.ActiveCfg = Release|Any CPU
		{FA3DC43F-4DBD-4400-9036-4343DB40B536}.Release|x86.ActiveCfg = Release|Any CPU
		{F4BD1C30-7A12-4CEC-BD2C-D5A99C9AA875}.Debug|Any CPU.ActiveCfg = Debug|Any CPU
		{F4BD1C30-7A12-4CEC-BD2C-D5A99C9AA875}.Debug|Any CPU.Build.0 = Debug|Any CPU
		{F4BD1C30-7A12-4CEC-BD2C-D5A99C9AA875}.Debug|ARM.ActiveCfg = Debug|Any CPU
		{F4BD1C30-7A12-4CEC-BD2C-D5A99C9AA875}.Debug|x86.ActiveCfg = Debug|Any CPU
		{F4BD1C30-7A12-4CEC-BD2C-D5A99C9AA875}.Release|Any CPU.ActiveCfg = Release|Any CPU
		{F4BD1C30-7A12-4CEC-BD2C-D5A99C9AA875}.Release|Any CPU.Build.0 = Release|Any CPU
		{F4BD1C30-7A12-4CEC-BD2C-D5A99C9AA875}.Release|ARM.ActiveCfg = Release|Any CPU
		{F4BD1C30-7A12-4CEC-BD2C-D5A99C9AA875}.Release|x86.ActiveCfg = Release|Any CPU
		{737586D6-9218-4938-A568-E9A4F218BDA6}.Debug|Any CPU.ActiveCfg = Debug|Any CPU
		{737586D6-9218-4938-A568-E9A4F218BDA6}.Debug|Any CPU.Build.0 = Debug|Any CPU
		{737586D6-9218-4938-A568-E9A4F218BDA6}.Debug|ARM.ActiveCfg = Debug|Any CPU
		{737586D6-9218-4938-A568-E9A4F218BDA6}.Debug|x86.ActiveCfg = Debug|Any CPU
		{737586D6-9218-4938-A568-E9A4F218BDA6}.Release|Any CPU.ActiveCfg = Release|Any CPU
		{737586D6-9218-4938-A568-E9A4F218BDA6}.Release|Any CPU.Build.0 = Release|Any CPU
		{737586D6-9218-4938-A568-E9A4F218BDA6}.Release|ARM.ActiveCfg = Release|Any CPU
		{737586D6-9218-4938-A568-E9A4F218BDA6}.Release|x86.ActiveCfg = Release|Any CPU
		{C993B19D-1FA6-4F18-82FA-3E8873C62513}.Debug|Any CPU.ActiveCfg = Debug|Any CPU
		{C993B19D-1FA6-4F18-82FA-3E8873C62513}.Debug|Any CPU.Build.0 = Debug|Any CPU
		{C993B19D-1FA6-4F18-82FA-3E8873C62513}.Debug|ARM.ActiveCfg = Debug|Any CPU
		{C993B19D-1FA6-4F18-82FA-3E8873C62513}.Debug|x86.ActiveCfg = Debug|Any CPU
		{C993B19D-1FA6-4F18-82FA-3E8873C62513}.Release|Any CPU.ActiveCfg = Release|Any CPU
		{C993B19D-1FA6-4F18-82FA-3E8873C62513}.Release|Any CPU.Build.0 = Release|Any CPU
		{C993B19D-1FA6-4F18-82FA-3E8873C62513}.Release|ARM.ActiveCfg = Release|Any CPU
		{C993B19D-1FA6-4F18-82FA-3E8873C62513}.Release|x86.ActiveCfg = Release|Any CPU
		{22DF9D4D-8490-41A6-B509-D9CE00EB06BD}.Debug|Any CPU.ActiveCfg = Debug|Any CPU
		{22DF9D4D-8490-41A6-B509-D9CE00EB06BD}.Debug|Any CPU.Build.0 = Debug|Any CPU
		{22DF9D4D-8490-41A6-B509-D9CE00EB06BD}.Debug|ARM.ActiveCfg = Debug|Any CPU
		{22DF9D4D-8490-41A6-B509-D9CE00EB06BD}.Debug|x86.ActiveCfg = Debug|Any CPU
		{22DF9D4D-8490-41A6-B509-D9CE00EB06BD}.Release|Any CPU.ActiveCfg = Release|Any CPU
		{22DF9D4D-8490-41A6-B509-D9CE00EB06BD}.Release|Any CPU.Build.0 = Release|Any CPU
		{22DF9D4D-8490-41A6-B509-D9CE00EB06BD}.Release|ARM.ActiveCfg = Release|Any CPU
		{22DF9D4D-8490-41A6-B509-D9CE00EB06BD}.Release|x86.ActiveCfg = Release|Any CPU
		{5FD53734-B5A8-415C-97F7-09B49D6BA3CE}.Debug|Any CPU.ActiveCfg = Debug|Any CPU
		{5FD53734-B5A8-415C-97F7-09B49D6BA3CE}.Debug|Any CPU.Build.0 = Debug|Any CPU
		{5FD53734-B5A8-415C-97F7-09B49D6BA3CE}.Debug|ARM.ActiveCfg = Debug|Any CPU
		{5FD53734-B5A8-415C-97F7-09B49D6BA3CE}.Debug|x86.ActiveCfg = Debug|Any CPU
		{5FD53734-B5A8-415C-97F7-09B49D6BA3CE}.Release|Any CPU.ActiveCfg = Release|Any CPU
		{5FD53734-B5A8-415C-97F7-09B49D6BA3CE}.Release|Any CPU.Build.0 = Release|Any CPU
		{5FD53734-B5A8-415C-97F7-09B49D6BA3CE}.Release|ARM.ActiveCfg = Release|Any CPU
		{5FD53734-B5A8-415C-97F7-09B49D6BA3CE}.Release|x86.ActiveCfg = Release|Any CPU
		{C7C74299-8C53-4ACB-BFE7-3A613CEF4060}.Debug|Any CPU.ActiveCfg = Debug|Any CPU
		{C7C74299-8C53-4ACB-BFE7-3A613CEF4060}.Debug|Any CPU.Build.0 = Debug|Any CPU
		{C7C74299-8C53-4ACB-BFE7-3A613CEF4060}.Debug|ARM.ActiveCfg = Debug|Any CPU
		{C7C74299-8C53-4ACB-BFE7-3A613CEF4060}.Debug|x86.ActiveCfg = Debug|Any CPU
		{C7C74299-8C53-4ACB-BFE7-3A613CEF4060}.Release|Any CPU.ActiveCfg = Release|Any CPU
		{C7C74299-8C53-4ACB-BFE7-3A613CEF4060}.Release|Any CPU.Build.0 = Release|Any CPU
		{C7C74299-8C53-4ACB-BFE7-3A613CEF4060}.Release|ARM.ActiveCfg = Release|Any CPU
		{C7C74299-8C53-4ACB-BFE7-3A613CEF4060}.Release|x86.ActiveCfg = Release|Any CPU
		{025BBA7D-0353-47B5-BB4A-5E55A6DC6112}.Debug|Any CPU.ActiveCfg = Debug|Any CPU
		{025BBA7D-0353-47B5-BB4A-5E55A6DC6112}.Debug|Any CPU.Build.0 = Debug|Any CPU
		{025BBA7D-0353-47B5-BB4A-5E55A6DC6112}.Debug|ARM.ActiveCfg = Debug|Any CPU
		{025BBA7D-0353-47B5-BB4A-5E55A6DC6112}.Debug|x86.ActiveCfg = Debug|Any CPU
		{025BBA7D-0353-47B5-BB4A-5E55A6DC6112}.Release|Any CPU.ActiveCfg = Release|Any CPU
		{025BBA7D-0353-47B5-BB4A-5E55A6DC6112}.Release|Any CPU.Build.0 = Release|Any CPU
		{025BBA7D-0353-47B5-BB4A-5E55A6DC6112}.Release|ARM.ActiveCfg = Release|Any CPU
		{025BBA7D-0353-47B5-BB4A-5E55A6DC6112}.Release|x86.ActiveCfg = Release|Any CPU
		{600A03DC-7042-40C3-83B0-FB7DA21B0610}.Debug|Any CPU.ActiveCfg = Debug|Any CPU
		{600A03DC-7042-40C3-83B0-FB7DA21B0610}.Debug|Any CPU.Build.0 = Debug|Any CPU
		{600A03DC-7042-40C3-83B0-FB7DA21B0610}.Debug|ARM.ActiveCfg = Debug|Any CPU
		{600A03DC-7042-40C3-83B0-FB7DA21B0610}.Debug|x86.ActiveCfg = Debug|Any CPU
		{600A03DC-7042-40C3-83B0-FB7DA21B0610}.Release|Any CPU.ActiveCfg = Release|Any CPU
		{600A03DC-7042-40C3-83B0-FB7DA21B0610}.Release|Any CPU.Build.0 = Release|Any CPU
		{600A03DC-7042-40C3-83B0-FB7DA21B0610}.Release|ARM.ActiveCfg = Release|Any CPU
		{600A03DC-7042-40C3-83B0-FB7DA21B0610}.Release|x86.ActiveCfg = Release|Any CPU
	EndGlobalSection
	GlobalSection(SolutionProperties) = preSolution
		HideSolutionNode = FALSE
	EndGlobalSection
EndGlobal
